
Microsoft Visual Studio Solution File, Format Version 12.00
# Visual Studio Version 17
VisualStudioVersion = 17.4.32916.344
MinimumVisualStudioVersion = 10.0.40219.1
Project("{FAE04EC0-301F-11D3-BF4B-00C04F79EFBC}") = "e-commerce-api", "e-commerce-api\e-commerce-api.csproj", "{1D5B8388-3463-44F6-BF94-2BBC3C740015}"
EndProject
Global
	GlobalSection(SolutionConfigurationPlatforms) = preSolution
		Debug|Any CPU = Debug|Any CPU
		Release|Any CPU = Release|Any CPU
	EndGlobalSection
	GlobalSection(ProjectConfigurationPlatforms) = postSolution
		{1D5B8388-3463-44F6-BF94-2BBC3C740015}.Debug|Any CPU.ActiveCfg = Debug|Any CPU
		{1D5B8388-3463-44F6-BF94-2BBC3C740015}.Debug|Any CPU.Build.0 = Debug|Any CPU
		{1D5B8388-3463-44F6-BF94-2BBC3C740015}.Release|Any CPU.ActiveCfg = Release|Any CPU
		{1D5B8388-3463-44F6-BF94-2BBC3C740015}.Release|Any CPU.Build.0 = Release|Any CPU
	EndGlobalSection
	GlobalSection(SolutionProperties) = preSolution
		HideSolutionNode = FALSE
	EndGlobalSection
	GlobalSection(ExtensibilityGlobals) = postSolution
		SolutionGuid = {A757EBB3-56C8-4515-BE4C-9771A8D2805B}
	EndGlobalSection
EndGlobal
